dependencies:
  espressif/esp_codec_dev:
    component_hash: 3a1df01ee46d64c55155341bb6f4834db33db7dbd9b637e476e1eab64d01295a
    dependencies:
    - name: idf
      require: private
      version: '>=4.0'
    source:
      registry_url: https://components.espressif.com/
      type: service
    version: 1.4.0
  idf:
    source:
      type: idf
    version: 5.5.2
  lvgl/lvgl:
    component_hash: d7c1ac037ae6e85d94897f807d6e7ba0946a83e720074fc95a4f6241da9f9f53
    dependencies: []
    source:
      registry_url: https://components.espressif.com/
      type: service
    version: 8.4.0
direct_dependencies:
- espressif/esp_codec_dev
- idf
- lvgl/lvgl
manifest_hash: 4a40344208ac67a77d58e33b29f4d9348b8811f79787ace6cddf1f3b6a2bb634
target: esp32s3
version: 2.0.0
